
Microsoft Visual Studio Solution File, Format Version 12.00
# Visual Studio 15
VisualStudioVersion = 15.0.28307.329
MinimumVisualStudioVersion = 10.0.40219.1
Project("{FAE04EC0-301F-11D3-BF4B-00C04F79EFBC}") = "T1", "T1\T1.csproj", "{D1738D27-97FE-4AAD-B94C-BD179A077BC0}"
EndProject
Global
	GlobalSection(SolutionConfigurationPlatforms) = preSolution
		Debug|Any CPU = Debug|Any CPU
		Release|Any CPU = Release|Any CPU
	EndGlobalSection
	GlobalSection(ProjectConfigurationPlatforms) = postSolution
		{D1738D27-97FE-4AAD-B94C-BD179A077BC0}.Debug|Any CPU.ActiveCfg = Debug|Any CPU
		{D1738D27-97FE-4AAD-B94C-BD179A077BC0}.Debug|Any CPU.Build.0 = Debug|Any CPU
		{D1738D27-97FE-4AAD-B94C-BD179A077BC0}.Release|Any CPU.ActiveCfg = Release|Any CPU
		{D1738D27-97FE-4AAD-B94C-BD179A077BC0}.Release|Any CPU.Build.0 = Release|Any CPU
	EndGlobalSection
	GlobalSection(SolutionProperties) = preSolution
		HideSolutionNode = FALSE
	EndGlobalSection
	GlobalSection(ExtensibilityGlobals) = postSolution
		SolutionGuid = {87357C56-8179-42B9-ACCC-E60ABF194DFC}
	EndGlobalSection
EndGlobal
